
Microsoft Visual Studio Solution File, Format Version 12.00
# Visual Studio Version 17
VisualStudioVersion = 17.9.34616.47
MinimumVisualStudioVersion = 10.0.40219.1
Project("{FAE04EC0-301F-11D3-BF4B-00C04F79EFBC}") = "lr10", "lr10\lr10.csproj", "{7CD352E9-F403-4F10-B7AF-94AFDA740F08}"
EndProject
Global
	GlobalSection(SolutionConfigurationPlatforms) = preSolution
		Debug|Any CPU = Debug|Any CPU
		Release|Any CPU = Release|Any CPU
	EndGlobalSection
	GlobalSection(ProjectConfigurationPlatforms) = postSolution
		{7CD352E9-F403-4F10-B7AF-94AFDA740F08}.Debug|Any CPU.ActiveCfg = Debug|Any CPU
		{7CD352E9-F403-4F10-B7AF-94AFDA740F08}.Debug|Any CPU.Build.0 = Debug|Any CPU
		{7CD352E9-F403-4F10-B7AF-94AFDA740F08}.Release|Any CPU.ActiveCfg = Release|Any CPU
		{7CD352E9-F403-4F10-B7AF-94AFDA740F08}.Release|Any CPU.Build.0 = Release|Any CPU
	EndGlobalSection
	GlobalSection(SolutionProperties) = preSolution
		HideSolutionNode = FALSE
	EndGlobalSection
	GlobalSection(ExtensibilityGlobals) = postSolution
		SolutionGuid = {C005C475-10AD-42A7-A5D0-307304E1EDE5}
	EndGlobalSection
EndGlobal
