
Microsoft Visual Studio Solution File, Format Version 12.00
# Visual Studio Version 17
VisualStudioVersion = 17.9.34616.47
MinimumVisualStudioVersion = 10.0.40219.1
Project("{FAE04EC0-301F-11D3-BF4B-00C04F79EFBC}") = "Lr1", "Lr1\Lr1.csproj", "{C5EF7FAA-CAB4-4653-85FB-0932E393540B}"
EndProject
Global
	GlobalSection(SolutionConfigurationPlatforms) = preSolution
		Debug|Any CPU = Debug|Any CPU
		Release|Any CPU = Release|Any CPU
	EndGlobalSection
	GlobalSection(ProjectConfigurationPlatforms) = postSolution
		{C5EF7FAA-CAB4-4653-85FB-0932E393540B}.Debug|Any CPU.ActiveCfg = Debug|Any CPU
		{C5EF7FAA-CAB4-4653-85FB-0932E393540B}.Debug|Any CPU.Build.0 = Debug|Any CPU
		{C5EF7FAA-CAB4-4653-85FB-0932E393540B}.Release|Any CPU.ActiveCfg = Release|Any CPU
		{C5EF7FAA-CAB4-4653-85FB-0932E393540B}.Release|Any CPU.Build.0 = Release|Any CPU
	EndGlobalSection
	GlobalSection(SolutionProperties) = preSolution
		HideSolutionNode = FALSE
	EndGlobalSection
	GlobalSection(ExtensibilityGlobals) = postSolution
		SolutionGuid = {314DFE00-DEA7-4F65-B3A7-E9C9B61E9D23}
	EndGlobalSection
EndGlobal
