
Microsoft Visual Studio Solution File, Format Version 12.00
# Visual Studio Version 17
VisualStudioVersion = 17.9.34616.47
MinimumVisualStudioVersion = 10.0.40219.1
Project("{FAE04EC0-301F-11D3-BF4B-00C04F79EFBC}") = "lr5_2", "lr5_2\lr5_2.csproj", "{5385C634-B68D-4C0A-AB68-564295F70C92}"
EndProject
Global
	GlobalSection(SolutionConfigurationPlatforms) = preSolution
		Debug|Any CPU = Debug|Any CPU
		Release|Any CPU = Release|Any CPU
	EndGlobalSection
	GlobalSection(ProjectConfigurationPlatforms) = postSolution
		{5385C634-B68D-4C0A-AB68-564295F70C92}.Debug|Any CPU.ActiveCfg = Debug|Any CPU
		{5385C634-B68D-4C0A-AB68-564295F70C92}.Debug|Any CPU.Build.0 = Debug|Any CPU
		{5385C634-B68D-4C0A-AB68-564295F70C92}.Release|Any CPU.ActiveCfg = Release|Any CPU
		{5385C634-B68D-4C0A-AB68-564295F70C92}.Release|Any CPU.Build.0 = Release|Any CPU
	EndGlobalSection
	GlobalSection(SolutionProperties) = preSolution
		HideSolutionNode = FALSE
	EndGlobalSection
	GlobalSection(ExtensibilityGlobals) = postSolution
		SolutionGuid = {FD6520F9-3882-41AF-B752-A9786D9E7F26}
	EndGlobalSection
EndGlobal
